// !$*UTF8*$!
{
	archiveVersion = 1;
	classes = {
	};
	objectVersion = 46;
	objects = {

/* Begin PBXBuildFile section */
		7322C1D01F3642C300B84FEA /* AppDelegate.swift in Sources */ = {isa = PBXBuildFile; fileRef = 7322C1CF1F3642C300B84FEA /* AppDelegate.swift */; };
		7322C1D21F3642C300B84FEA /* ViewController.swift in Sources */ = {isa = PBXBuildFile; fileRef = 7322C1D11F3642C300B84FEA /* ViewController.swift */; };
		7322C1D51F3642C300B84FEA /* Main.storyboard in Resources */ = {isa = PBXBuildFile; fileRef = 7322C1D31F3642C300B84FEA /* Main.storyboard */; };
		7322C1D71F3642C300B84FEA /* Assets.xcassets in Resources */ = {isa = PBXBuildFile; fileRef = 7322C1D61F3642C300B84FEA /* Assets.xcassets */; };
		7322C1DA1F3642C300B84FEA /* LaunchScreen.storyboard in Resources */ = {isa = PBXBuildFile; fileRef = 7322C1D81F3642C300B84FEA /* LaunchScreen.storyboard */; };
		7322C1E21F36445000B84FEA /* SecondController.swift in Sources */ = {isa = PBXBuildFile; fileRef = 7322C1E11F36445000B84FEA /* SecondController.swift */; };
		7322C1E41F36478B00B84FEA /* CircularTransition.swift in Sources */ = {isa = PBXBuildFile; fileRef = 7322C1E31F36478B00B84FEA /* CircularTransition.swift */; };
/* End PBXBuildFile section */

/* Begin PBXFileReference section */
		7322C1CC1F3642C300B84FEA /* Circular Popup.app */ = {isa = PBXFileReference; explicitFileType = wrapper.application; includeInIndex = 0; path = "Circular Popup.app"; sourceTree = BUILT_PRODUCTS_DIR; };
		7322C1CF1F3642C300B84FEA /* AppDelegate.swift */ = {isa = PBXFileReference; lastKnownFileType = sourcecode.swift; path = AppDelegate.swift; sourceTree = "<group>"; };
		7322C1D11F3642C300B84FEA /* ViewController.swift */ = {isa = PBXFileReference; lastKnownFileType = sourcecode.swift; path = ViewController.swift; sourceTree = "<group>"; };
		7322C1D41F3642C300B84FEA /* Base */ = {isa = PBXFileReference; lastKnownFileType = file.storyboard; name = Base; path = Base.lproj/Main.storyboard; sourceTree = "<group>"; };
		7322C1D61F3642C300B84FEA /* Assets.xcassets */ = {isa = PBXFileReference; lastKnownFileType = folder.assetcatalog; path = Assets.xcassets; sourceTree = "<group>"; };
		7322C1D91F3642C300B84FEA /* Base */ = {isa = PBXFileReference; lastKnownFileType = file.storyboard; name = Base; path = Base.lproj/LaunchScreen.storyboard; sourceTree = "<group>"; };
		7322C1DB1F3642C300B84FEA /* Info.plist */ = {isa = PBXFileReference; lastKnownFileType = text.plist.xml; path = Info.plist; sourceTree = "<group>"; };
		7322C1E11F36445000B84FEA /* SecondController.swift */ = {isa = PBXFileReference; fileEncoding = 4; lastKnownFileType = sourcecode.swift; path = SecondController.swift; sourceTree = "<group>"; };
		7322C1E31F36478B00B84FEA /* CircularTransition.swift */ = {isa = PBXFileReference; fileEncoding = 4; lastKnownFileType = sourcecode.swift; path = CircularTransition.swift; sourceTree = "<group>"; };
/* End PBXFileReference section */

/* Begin PBXFrameworksBuildPhase section */
		7322C1C91F3642C300B84FEA /* Frameworks */ = {
			isa = PBXFrameworksBuildPhase;
			buildActionMask = 2147483647;
			files = (
			);
			runOnlyForDeploymentPostprocessing = 0;
		};
/* End PBXFrameworksBuildPhase section */

/* Begin PBXGroup section */
		7322C1C31F3642C300B84FEA = {
			isa = PBXGroup;
			children = (
				7322C1CE1F3642C300B84FEA /* Circular Popup */,
				7322C1CD1F3642C300B84FEA /* Products */,
			);
			sourceTree = "<group>";
		};
		7322C1CD1F3642C300B84FEA /* Products */ = {
			isa = PBXGroup;
			children = (
				7322C1CC1F3642C300B84FEA /* Circular Popup.app */,
			);
			name = Products;
			sourceTree = "<group>";
		};
		7322C1CE1F3642C300B84FEA /* Circular Popup */ = {
			isa = PBXGroup;
			children = (
				7322C1CF1F3642C300B84FEA /* AppDelegate.swift */,
				7322C1D11F3642C300B84FEA /* ViewController.swift */,
				7322C1D31F3642C300B84FEA /* Main.storyboard */,
				7322C1E31F36478B00B84FEA /* CircularTransition.swift */,
				7322C1E11F36445000B84FEA /* SecondController.swift */,
				7322C1D61F3642C300B84FEA /* Assets.xcassets */,
				7322C1D81F3642C300B84FEA /* LaunchScreen.storyboard */,
				7322C1DB1F3642C300B84FEA /* Info.plist */,
			);
			path = "Circular Popup";
			sourceTree = "<group>";
		};
/* End PBXGroup section */

/* Begin PBXNativeTarget section */
		7322C1CB1F3642C300B84FEA /* Circular Popup */ = {
			isa = PBXNativeTarget;
			buildConfigurationList = 7322C1DE1F3642C300B84FEA /* Build configuration list for PBXNativeTarget "Circular Popup" */;
			buildPhases = (
				7322C1C81F3642C300B84FEA /* Sources */,
				7322C1C91F3642C300B84FEA /* Frameworks */,
				7322C1CA1F3642C300B84FEA /* Resources */,
			);
			buildRules = (
			);
			dependencies = (
			);
			name = "Circular Popup";
			productName = "Circular Popup";
			productReference = 7322C1CC1F3642C300B84FEA /* Circular Popup.app */;
			productType = "com.apple.product-type.application";
		};
/* End PBXNativeTarget section */

/* Begin PBXProject section */
		7322C1C41F3642C300B84FEA /* Project object */ = {
			isa = PBXProject;
			attributes = {
				LastSwiftUpdateCheck = 0830;
				LastUpgradeCheck = 0830;
				ORGANIZATIONNAME = 14K;
				TargetAttributes = {
					7322C1CB1F3642C300B84FEA = {
						CreatedOnToolsVersion = 8.3.3;
						ProvisioningStyle = Automatic;
					};
				};
			};
			buildConfigurationList = 7322C1C71F3642C300B84FEA /* Build configuration list for PBXProject "Circular Popup" */;
			compatibilityVersion = "Xcode 3.2";
			developmentRegion = English;
			hasScannedForEncodings = 0;
			knownRegions = (
				en,
				Base,
			);
			mainGroup = 7322C1C31F3642C300B84FEA;
			productRefGroup = 7322C1CD1F3642C300B84FEA /* Products */;
			projectDirPath = "";
			projectRoot = "";
			targets = (
				7322C1CB1F3642C300B84FEA /* Circular Popup */,
			);
		};
/* End PBXProject section */

/* Begin PBXResourcesBuildPhase section */
		7322C1CA1F3642C300B84FEA /* Resources */ = {
			isa = PBXResourcesBuildPhase;
			buildActionMask = 2147483647;
			files = (
				7322C1DA1F3642C300B84FEA /* LaunchScreen.storyboard in Resources */,
				7322C1D71F3642C300B84FEA /* Assets.xcassets in Resources */,
				7322C1D51F3642C300B84FEA /* Main.storyboard in Resources */,
			);
			runOnlyForDeploymentPostprocessing = 0;
		};
/* End PBXResourcesBuildPhase section */

/* Begin PBXSourcesBuildPhase section */
		7322C1C81F3642C300B84FEA /* Sources */ = {
			isa = PBXSourcesBuildPhase;
			buildActionMask = 2147483647;
			files = (
				7322C1E21F36445000B84FEA /* SecondController.swift in Sources */,
				7322C1D21F3642C300B84FEA /* ViewController.swift in Sources */,
				7322C1D01F3642C300B84FEA /* AppDelegate.swift in Sources */,
				7322C1E41F36478B00B84FEA /* CircularTransition.swift in Sources */,
			);
			runOnlyForDeploymentPostprocessing = 0;
		};
/* End PBXSourcesBuildPhase section */

/* Begin PBXVariantGroup section */
		7322C1D31F3642C300B84FEA /* Main.storyboard */ = {
			isa = PBXVariantGroup;
			children = (
				7322C1D41F3642C300B84FEA /* Base */,
			);
			name = Main.storyboard;
			sourceTree = "<group>";
		};
		7322C1D81F3642C300B84FEA /* LaunchScreen.storyboard */ = {
			isa = PBXVariantGroup;
			children = (
				7322C1D91F3642C300B84FEA /* Base */,
			);
			name = LaunchScreen.storyboard;
			sourceTree = "<group>";
		};
/* End PBXVariantGroup section */

/* Begin XCBuildConfiguration section */
		7322C1DC1F3642C300B84FEA /* Debug */ = {
			isa = XCBuildConfiguration;
			buildSettings = {
				ALWAYS_SEARCH_USER_PATHS = NO;
				CLANG_ANALYZER_NONNULL = YES;
				CLANG_ANALYZER_NUMBER_OBJECT_CONVERSION = YES_AGGRESSIVE;
				CLANG_CXX_LANGUAGE_STANDARD = "gnu++0x";
				CLANG_CXX_LIBRARY = "libc++";
				CLANG_ENABLE_MODULES = YES;
				CLANG_ENABLE_OBJC_ARC = YES;
				CLANG_WARN_BOOL_CONVERSION = YES;
				CLANG_WARN_CONSTANT_CONVERSION = YES;
				CLANG_WARN_DIRECT_OBJC_ISA_USAGE = YES_ERROR;
				CLANG_WARN_DOCUMENTATION_COMMENTS = YES;
				CLANG_WARN_EMPTY_BODY = YES;
				CLANG_WARN_ENUM_CONVERSION = YES;
				CLANG_WARN_INFINITE_RECURSION = YES;
				CLANG_WARN_INT_CONVERSION = YES;
				CLANG_WARN_OBJC_ROOT_CLASS = YES_ERROR;
				CLANG_WARN_SUSPICIOUS_MOVE = YES;
				CLANG_WARN_UNREACHABLE_CODE = YES;
				CLANG_WARN__DUPLICATE_METHOD_MATCH = YES;
				"CODE_SIGN_IDENTITY[sdk=iphoneos*]" = "iPhone Developer";
				COPY_PHASE_STRIP = NO;
				DEBUG_INFORMATION_FORMAT = dwarf;
				ENABLE_STRICT_OBJC_MSGSEND = YES;
				ENABLE_TESTABILITY = YES;
				GCC_C_LANGUAGE_STANDARD = gnu99;
				GCC_DYNAMIC_NO_PIC = NO;
				GCC_NO_COMMON_BLOCKS = YES;
				GCC_OPTIMIZATION_LEVEL = 0;
				GCC_PREPROCESSOR_DEFINITIONS = (
					"DEBUG=1",
					"$(inherited)",
				);
				GCC_WARN_64_TO_32_BIT_CONVERSION = YES;
				GCC_WARN_ABOUT_RETURN_TYPE = YES_ERROR;
				GCC_WARN_UNDECLARED_SELECTOR = YES;
				GCC_WARN_UNINITIALIZED_AUTOS = YES_AGGRESSIVE;
				GCC_WARN_UNUSED_FUNCTION = YES;
				GCC_WARN_UNUSED_VARIABLE = YES;
				IPHONEOS_DEPLOYMENT_TARGET = 10.3;
				MTL_ENABLE_DEBUG_INFO = YES;
				ONLY_ACTIVE_ARCH = YES;
				SDKROOT = iphoneos;
				SWIFT_ACTIVE_COMPILATION_CONDITIONS = DEBUG;
				SWIFT_OPTIMIZATION_LEVEL = "-Onone";
				TARGETED_DEVICE_FAMILY = "1,2";
			};
			name = Debug;
		};
		7322C1DD1F3642C300B84FEA /* Release */ = {
			isa = XCBuildConfiguration;
			buildSettings = {
				ALWAYS_SEARCH_USER_PATHS = NO;
				CLANG_ANALYZER_NONNULL = YES;
				CLANG_ANALYZER_NUMBER_OBJECT_CONVERSION = YES_AGGRESSIVE;
				CLANG_CXX_LANGUAGE_STANDARD = "gnu++0x";
				CLANG_CXX_LIBRARY = "libc++";
				CLANG_ENABLE_MODULES = YES;
				CLANG_ENABLE_OBJC_ARC = YES;
				CLANG_WARN_BOOL_CONVERSION = YES;
				CLANG_WARN_CONSTANT_CONVERSION = YES;
				CLANG_WARN_DIRECT_OBJC_ISA_USAGE = YES_ERROR;
				CLANG_WARN_DOCUMENTATION_COMMENTS = YES;
				CLANG_WARN_EMPTY_BODY = YES;
				CLANG_WARN_ENUM_CONVERSION = YES;
				CLANG_WARN_INFINITE_RECURSION = YES;
				CLANG_WARN_INT_CONVERSION = YES;
				CLANG_WARN_OBJC_ROOT_CLASS = YES_ERROR;
				CLANG_WARN_SUSPICIOUS_MOVE = YES;
				CLANG_WARN_UNREACHABLE_CODE = YES;
				CLANG_WARN__DUPLICATE_METHOD_MATCH = YES;
				"CODE_SIGN_IDENTITY[sdk=iphoneos*]" = "iPhone Developer";
				COPY_PHASE_STRIP = NO;
				DEBUG_INFORMATION_FORMAT = "dwarf-with-dsym";
				ENABLE_NS_ASSERTIONS = NO;
				ENABLE_STRICT_OBJC_MSGSEND = YES;
				GCC_C_LANGUAGE_STANDARD = gnu99;
				GCC_NO_COMMON_BLOCKS = YES;
				GCC_WARN_64_TO_32_BIT_CONVERSION = YES;
				GCC_WARN_ABOUT_RETURN_TYPE = YES_ERROR;
				GCC_WARN_UNDECLARED_SELECTOR = YES;
				GCC_WARN_UNINITIALIZED_AUTOS = YES_AGGRESSIVE;
				GCC_WARN_UNUSED_FUNCTION = YES;
				GCC_WARN_UNUSED_VARIABLE = YES;
				IPHONEOS_DEPLOYMENT_TARGET = 10.3;
				MTL_ENABLE_DEBUG_INFO = NO;
				SDKROOT = iphoneos;
				SWIFT_OPTIMIZATION_LEVEL = "-Owholemodule";
				TARGETED_DEVICE_FAMILY = "1,2";
				VALIDATE_PRODUCT = YES;
			};
			name = Release;
		};
		7322C1DF1F3642C300B84FEA /* Debug */ = {
			isa = XCBuildConfiguration;
			buildSettings = {
				ASSETCATALOG_COMPILER_APPICON_NAME = AppIcon;
				INFOPLIST_FILE = "Circular Popup/Info.plist";
				LD_RUNPATH_SEARCH_PATHS = "$(inherited) @executable_path/Frameworks";
				PRODUCT_BUNDLE_IDENTIFIER = "-4K.Circular-Popup";
				PRODUCT_NAME = "$(TARGET_NAME)";
				SWIFT_VERSION = 3.0;
			};
			name = Debug;
		};
		7322C1E01F3642C300B84FEA /* Release */ = {
			isa = XCBuildConfiguration;
			buildSettings = {
				ASSETCATALOG_COMPILER_APPICON_NAME = AppIcon;
				INFOPLIST_FILE = "Circular Popup/Info.plist";
				LD_RUNPATH_SEARCH_PATHS = "$(inherited) @executable_path/Frameworks";
				PRODUCT_BUNDLE_IDENTIFIER = "-4K.Circular-Popup";
				PRODUCT_NAME = "$(TARGET_NAME)";
				SWIFT_VERSION = 3.0;
			};
			name = Release;
		};
/* End XCBuildConfiguration section */

/* Begin XCConfigurationList section */
		7322C1C71F3642C300B84FEA /* Build configuration list for PBXProject "Circular Popup" */ = {
			isa = XCConfigurationList;
			buildConfigurations = (
				7322C1DC1F3642C300B84FEA /* Debug */,
				7322C1DD1F3642C300B84FEA /* Release */,
			);
			defaultConfigurationIsVisible = 0;
			defaultConfigurationName = Release;
		};
		7322C1DE1F3642C300B84FEA /* Build configuration list for PBXNativeTarget "Circular Popup" */ = {
			isa = XCConfigurationList;
			buildConfigurations = (
				7322C1DF1F3642C300B84FEA /* Debug */,
				7322C1E01F3642C300B84FEA /* Release */,
			);
			defaultConfigurationIsVisible = 0;
		};
/* End XCConfigurationList section */
	};
	rootObject = 7322C1C41F3642C300B84FEA /* Project object */;
}
